
Microsoft Visual Studio Solution File, Format Version 12.00
# Visual Studio 15
VisualStudioVersion = 15.0.27703.2042
MinimumVisualStudioVersion = 10.0.40219.1
Project("{FAE04EC0-301F-11D3-BF4B-00C04F79EFBC}") = "OSCGui_Forms", "OSCGui_Forms\OSCGui_Forms.csproj", "{0BFC71C2-0C59-456C-8C30-0FA5B792E515}"
EndProject
Project("{FAE04EC0-301F-11D3-BF4B-00C04F79EFBC}") = "OscGuiDemo.Android", "XamarinDemo\OscGuiDemo\OscGuiDemo.Android\OscGuiDemo.Android.csproj", "{B13C70B3-F548-42E8-93BB-7BBCA0A50553}"
EndProject
Project("{FAE04EC0-301F-11D3-BF4B-00C04F79EFBC}") = "OscGuiDemo.iOS", "XamarinDemo\OscGuiDemo\OscGuiDemo.iOS\OscGuiDemo.iOS.csproj", "{B8D957A7-1D0E-4073-A950-2B7ACCD4DB4A}"
EndProject
Project("{FAE04EC0-301F-11D3-BF4B-00C04F79EFBC}") = "OscGuiDemo.UWP", "XamarinDemo\OscGuiDemo\OscGuiDemo.UWP\OscGuiDemo.UWP.csproj", "{549C3898-76C1-422B-AE21-DA79CC3F2671}"
EndProject
Project("{FAE04EC0-301F-11D3-BF4B-00C04F79EFBC}") = "OscGuiDemo", "XamarinDemo\OscGuiDemo\OscGuiDemo\OscGuiDemo.csproj", "{2D6F3F25-CAEB-4041-A816-A34D13444E0B}"
EndProject
Global
	GlobalSection(SolutionConfigurationPlatforms) = preSolution
		Ad-Hoc|Any CPU = Ad-Hoc|Any CPU
		Ad-Hoc|ARM = Ad-Hoc|ARM
		Ad-Hoc|iPhone = Ad-Hoc|iPhone
		Ad-Hoc|iPhoneSimulator = Ad-Hoc|iPhoneSimulator
		Ad-Hoc|x64 = Ad-Hoc|x64
		Ad-Hoc|x86 = Ad-Hoc|x86
		AppStore|Any CPU = AppStore|Any CPU
		AppStore|ARM = AppStore|ARM
		AppStore|iPhone = AppStore|iPhone
		AppStore|iPhoneSimulator = AppStore|iPhoneSimulator
		AppStore|x64 = AppStore|x64
		AppStore|x86 = AppStore|x86
		Debug|Any CPU = Debug|Any CPU
		Debug|ARM = Debug|ARM
		Debug|iPhone = Debug|iPhone
		Debug|iPhoneSimulator = Debug|iPhoneSimulator
		Debug|x64 = Debug|x64
		Debug|x86 = Debug|x86
		Release|Any CPU = Release|Any CPU
		Release|ARM = Release|ARM
		Release|iPhone = Release|iPhone
		Release|iPhoneSimulator = Release|iPhoneSimulator
		Release|x64 = Release|x64
		Release|x86 = Release|x86
	EndGlobalSection
	GlobalSection(ProjectConfigurationPlatforms) = postSolution
		{0BFC71C2-0C59-456C-8C30-0FA5B792E515}.Ad-Hoc|Any CPU.ActiveCfg = Debug|Any CPU
		{0BFC71C2-0C59-456C-8C30-0FA5B792E515}.Ad-Hoc|Any CPU.Build.0 = Debug|Any CPU
		{0BFC71C2-0C59-456C-8C30-0FA5B792E515}.Ad-Hoc|ARM.ActiveCfg = Debug|Any CPU
		{0BFC71C2-0C59-456C-8C30-0FA5B792E515}.Ad-Hoc|ARM.Build.0 = Debug|Any CPU
		{0BFC71C2-0C59-456C-8C30-0FA5B792E515}.Ad-Hoc|iPhone.ActiveCfg = Debug|Any CPU
		{0BFC71C2-0C59-456C-8C30-0FA5B792E515}.Ad-Hoc|iPhone.Build.0 = Debug|Any CPU
		{0BFC71C2-0C59-456C-8C30-0FA5B792E515}.Ad-Hoc|iPhoneSimulator.ActiveCfg = Debug|Any CPU
		{0BFC71C2-0C59-456C-8C30-0FA5B792E515}.Ad-Hoc|iPhoneSimulator.Build.0 = Debug|Any CPU
		{0BFC71C2-0C59-456C-8C30-0FA5B792E515}.Ad-Hoc|x64.ActiveCfg = Debug|Any CPU
		{0BFC71C2-0C59-456C-8C30-0FA5B792E515}.Ad-Hoc|x64.Build.0 = Debug|Any CPU
		{0BFC71C2-0C59-456C-8C30-0FA5B792E515}.Ad-Hoc|x86.ActiveCfg = Debug|Any CPU
		{0BFC71C2-0C59-456C-8C30-0FA5B792E515}.Ad-Hoc|x86.Build.0 = Debug|Any CPU
		{0BFC71C2-0C59-456C-8C30-0FA5B792E515}.AppStore|Any CPU.ActiveCfg = Debug|Any CPU
		{0BFC71C2-0C59-456C-8C30-0FA5B792E515}.AppStore|Any CPU.Build.0 = Debug|Any CPU
		{0BFC71C2-0C59-456C-8C30-0FA5B792E515}.AppStore|ARM.ActiveCfg = Debug|Any CPU
		{0BFC71C2-0C59-456C-8C30-0FA5B792E515}.AppStore|ARM.Build.0 = Debug|Any CPU
		{0BFC71C2-0C59-456C-8C30-0FA5B792E515}.AppStore|iPhone.ActiveCfg = Debug|Any CPU
		{0BFC71C2-0C59-456C-8C30-0FA5B792E515}.AppStore|iPhone.Build.0 = Debug|Any CPU
		{0BFC71C2-0C59-456C-8C30-0FA5B792E515}.AppStore|iPhoneSimulator.ActiveCfg = Debug|Any CPU
		{0BFC71C2-0C59-456C-8C30-0FA5B792E515}.AppStore|iPhoneSimulator.Build.0 = Debug|Any CPU
		{0BFC71C2-0C59-456C-8C30-0FA5B792E515}.AppStore|x64.ActiveCfg = Debug|Any CPU
		{0BFC71C2-0C59-456C-8C30-0FA5B792E515}.AppStore|x64.Build.0 = Debug|Any CPU
		{0BFC71C2-0C59-456C-8C30-0FA5B792E515}.AppStore|x86.ActiveCfg = Debug|Any CPU
		{0BFC71C2-0C59-456C-8C30-0FA5B792E515}.AppStore|x86.Build.0 = Debug|Any CPU
		{0BFC71C2-0C59-456C-8C30-0FA5B792E515}.Debug|Any CPU.ActiveCfg = Debug|Any CPU
		{0BFC71C2-0C59-456C-8C30-0FA5B792E515}.Debug|Any CPU.Build.0 = Debug|Any CPU
		{0BFC71C2-0C59-456C-8C30-0FA5B792E515}.Debug|ARM.ActiveCfg = Debug|Any CPU
		{0BFC71C2-0C59-456C-8C30-0FA5B792E515}.Debug|ARM.Build.0 = Debug|Any CPU
		{0BFC71C2-0C59-456C-8C30-0FA5B792E515}.Debug|iPhone.ActiveCfg = Debug|Any CPU
		{0BFC71C2-0C59-456C-8C30-0FA5B792E515}.Debug|iPhone.Build.0 = Debug|Any CPU
		{0BFC71C2-0C59-456C-8C30-0FA5B792E515}.Debug|iPhoneSimulator.ActiveCfg = Debug|Any CPU
		{0BFC71C2-0C59-456C-8C30-0FA5B792E515}.Debug|iPhoneSimulator.Build.0 = Debug|Any CPU
		{0BFC71C2-0C59-456C-8C30-0FA5B792E515}.Debug|x64.ActiveCfg = Debug|Any CPU
		{0BFC71C2-0C59-456C-8C30-0FA5B792E515}.Debug|x64.Build.0 = Debug|Any CPU
		{0BFC71C2-0C59-456C-8C30-0FA5B792E515}.Debug|x86.ActiveCfg = Debug|Any CPU
		{0BFC71C2-0C59-456C-8C30-0FA5B792E515}.Debug|x86.Build.0 = Debug|Any CPU
		{0BFC71C2-0C59-456C-8C30-0FA5B792E515}.Release|Any CPU.ActiveCfg = Release|Any CPU
		{0BFC71C2-0C59-456C-8C30-0FA5B792E515}.Release|Any CPU.Build.0 = Release|Any CPU
		{0BFC71C2-0C59-456C-8C30-0FA5B792E515}.Release|ARM.ActiveCfg = Release|Any CPU
		{0BFC71C2-0C59-456C-8C30-0FA5B792E515}.Release|ARM.Build.0 = Release|Any CPU
		{0BFC71C2-0C59-456C-8C30-0FA5B792E515}.Release|iPhone.ActiveCfg = Release|Any CPU
		{0BFC71C2-0C59-456C-8C30-0FA5B792E515}.Release|iPhone.Build.0 = Release|Any CPU
		{0BFC71C2-0C59-456C-8C30-0FA5B792E515}.Release|iPhoneSimulator.ActiveCfg = Release|Any CPU
		{0BFC71C2-0C59-456C-8C30-0FA5B792E515}.Release|iPhoneSimulator.Build.0 = Release|Any CPU
		{0BFC71C2-0C59-456C-8C30-0FA5B792E515}.Release|x64.ActiveCfg = Release|Any CPU
		{0BFC71C2-0C59-456C-8C30-0FA5B792E515}.Release|x64.Build.0 = Release|Any CPU
		{0BFC71C2-0C59-456C-8C30-0FA5B792E515}.Release|x86.ActiveCfg = Release|Any CPU
		{0BFC71C2-0C59-456C-8C30-0FA5B792E515}.Release|x86.Build.0 = Release|Any CPU
		{B13C70B3-F548-42E8-93BB-7BBCA0A50553}.Ad-Hoc|Any CPU.ActiveCfg = Release|Any CPU
		{B13C70B3-F548-42E8-93BB-7BBCA0A50553}.Ad-Hoc|Any CPU.Build.0 = Release|Any CPU
		{B13C70B3-F548-42E8-93BB-7BBCA0A50553}.Ad-Hoc|Any CPU.Deploy.0 = Release|Any CPU
		{B13C70B3-F548-42E8-93BB-7BBCA0A50553}.Ad-Hoc|ARM.ActiveCfg = Release|Any CPU
		{B13C70B3-F548-42E8-93BB-7BBCA0A50553}.Ad-Hoc|ARM.Build.0 = Release|Any CPU
		{B13C70B3-F548-42E8-93BB-7BBCA0A50553}.Ad-Hoc|ARM.Deploy.0 = Release|Any CPU
		{B13C70B3-F548-42E8-93BB-7BBCA0A50553}.Ad-Hoc|iPhone.ActiveCfg = Release|Any CPU
		{B13C70B3-F548-42E8-93BB-7BBCA0A50553}.Ad-Hoc|iPhone.Build.0 = Release|Any CPU
		{B13C70B3-F548-42E8-93BB-7BBCA0A50553}.Ad-Hoc|iPhone.Deploy.0 = Release|Any CPU
		{B13C70B3-F548-42E8-93BB-7BBCA0A50553}.Ad-Hoc|iPhoneSimulator.ActiveCfg = Release|Any CPU
		{B13C70B3-F548-42E8-93BB-7BBCA0A50553}.Ad-Hoc|iPhoneSimulator.Build.0 = Release|Any CPU
		{B13C70B3-F548-42E8-93BB-7BBCA0A50553}.Ad-Hoc|iPhoneSimulator.Deploy.0 = Release|Any CPU
		{B13C70B3-F548-42E8-93BB-7BBCA0A50553}.Ad-Hoc|x64.ActiveCfg = Release|Any CPU
		{B13C70B3-F548-42E8-93BB-7BBCA0A50553}.Ad-Hoc|x64.Build.0 = Release|Any CPU
		{B13C70B3-F548-42E8-93BB-7BBCA0A50553}.Ad-Hoc|x64.Deploy.0 = Release|Any CPU
		{B13C70B3-F548-42E8-93BB-7BBCA0A50553}.Ad-Hoc|x86.ActiveCfg = Release|Any CPU
		{B13C70B3-F548-42E8-93BB-7BBCA0A50553}.Ad-Hoc|x86.Build.0 = Release|Any CPU
		{B13C70B3-F548-42E8-93BB-7BBCA0A50553}.Ad-Hoc|x86.Deploy.0 = Release|Any CPU
		{B13C70B3-F548-42E8-93BB-7BBCA0A50553}.AppStore|Any CPU.ActiveCfg = Release|Any CPU
		{B13C70B3-F548-42E8-93BB-7BBCA0A50553}.AppStore|Any CPU.Build.0 = Release|Any CPU
		{B13C70B3-F548-42E8-93BB-7BBCA0A50553}.AppStore|Any CPU.Deploy.0 = Release|Any CPU
		{B13C70B3-F548-42E8-93BB-7BBCA0A50553}.AppStore|ARM.ActiveCfg = Release|Any CPU
		{B13C70B3-F548-42E8-93BB-7BBCA0A50553}.AppStore|ARM.Build.0 = Release|Any CPU
		{B13C70B3-F548-42E8-93BB-7BBCA0A50553}.AppStore|ARM.Deploy.0 = Release|Any CPU
		{B13C70B3-F548-42E8-93BB-7BBCA0A50553}.AppStore|iPhone.ActiveCfg = Release|Any CPU
		{B13C70B3-F548-42E8-93BB-7BBCA0A50553}.AppStore|iPhone.Build.0 = Release|Any CPU
		{B13C70B3-F548-42E8-93BB-7BBCA0A50553}.AppStore|iPhone.Deploy.0 = Release|Any CPU
		{B13C70B3-F548-42E8-93BB-7BBCA0A50553}.AppStore|iPhoneSimulator.ActiveCfg = Release|Any CPU
		{B13C70B3-F548-42E8-93BB-7BBCA0A50553}.AppStore|iPhoneSimulator.Build.0 = Release|Any CPU
		{B13C70B3-F548-42E8-93BB-7BBCA0A50553}.AppStore|iPhoneSimulator.Deploy.0 = Release|Any CPU
		{B13C70B3-F548-42E8-93BB-7BBCA0A50553}.AppStore|x64.ActiveCfg = Release|Any CPU
		{B13C70B3-F548-42E8-93BB-7BBCA0A50553}.AppStore|x64.Build.0 = Release|Any CPU
		{B13C70B3-F548-42E8-93BB-7BBCA0A50553}.AppStore|x64.Deploy.0 = Release|Any CPU
		{B13C70B3-F548-42E8-93BB-7BBCA0A50553}.AppStore|x86.ActiveCfg = Release|Any CPU
		{B13C70B3-F548-42E8-93BB-7BBCA0A50553}.AppStore|x86.Build.0 = Release|Any CPU
		{B13C70B3-F548-42E8-93BB-7BBCA0A50553}.AppStore|x86.Deploy.0 = Release|Any CPU
		{B13C70B3-F548-42E8-93BB-7BBCA0A50553}.Debug|Any CPU.ActiveCfg = Debug|Any CPU
		{B13C70B3-F548-42E8-93BB-7BBCA0A50553}.Debug|Any CPU.Build.0 = Debug|Any CPU
		{B13C70B3-F548-42E8-93BB-7BBCA0A50553}.Debug|Any CPU.Deploy.0 = Debug|Any CPU
		{B13C70B3-F548-42E8-93BB-7BBCA0A50553}.Debug|ARM.ActiveCfg = Debug|Any CPU
		{B13C70B3-F548-42E8-93BB-7BBCA0A50553}.Debug|ARM.Build.0 = Debug|Any CPU
		{B13C70B3-F548-42E8-93BB-7BBCA0A50553}.Debug|ARM.Deploy.0 = Debug|Any CPU
		{B13C70B3-F548-42E8-93BB-7BBCA0A50553}.Debug|iPhone.ActiveCfg = Debug|Any CPU
		{B13C70B3-F548-42E8-93BB-7BBCA0A50553}.Debug|iPhone.Build.0 = Debug|Any CPU
		{B13C70B3-F548-42E8-93BB-7BBCA0A50553}.Debug|iPhone.Deploy.0 = Debug|Any CPU
		{B13C70B3-F548-42E8-93BB-7BBCA0A50553}.Debug|iPhoneSimulator.ActiveCfg = Debug|Any CPU
		{B13C70B3-F548-42E8-93BB-7BBCA0A50553}.Debug|iPhoneSimulator.Build.0 = Debug|Any CPU
		{B13C70B3-F548-42E8-93BB-7BBCA0A50553}.Debug|iPhoneSimulator.Deploy.0 = Debug|Any CPU
		{B13C70B3-F548-42E8-93BB-7BBCA0A50553}.Debug|x64.ActiveCfg = Debug|Any CPU
		{B13C70B3-F548-42E8-93BB-7BBCA0A50553}.Debug|x64.Build.0 = Debug|Any CPU
		{B13C70B3-F548-42E8-93BB-7BBCA0A50553}.Debug|x64.Deploy.0 = Debug|Any CPU
		{B13C70B3-F548-42E8-93BB-7BBCA0A50553}.Debug|x86.ActiveCfg = Debug|Any CPU
		{B13C70B3-F548-42E8-93BB-7BBCA0A50553}.Debug|x86.Build.0 = Debug|Any CPU
		{B13C70B3-F548-42E8-93BB-7BBCA0A50553}.Debug|x86.Deploy.0 = Debug|Any CPU
		{B13C70B3-F548-42E8-93BB-7BBCA0A50553}.Release|Any CPU.ActiveCfg = Release|Any CPU
		{B13C70B3-F548-42E8-93BB-7BBCA0A50553}.Release|Any CPU.Build.0 = Release|Any CPU
		{B13C70B3-F548-42E8-93BB-7BBCA0A50553}.Release|Any CPU.Deploy.0 = Release|Any CPU
		{B13C70B3-F548-42E8-93BB-7BBCA0A50553}.Release|ARM.ActiveCfg = Release|Any CPU
		{B13C70B3-F548-42E8-93BB-7BBCA0A50553}.Release|ARM.Build.0 = Release|Any CPU
		{B13C70B3-F548-42E8-93BB-7BBCA0A50553}.Release|ARM.Deploy.0 = Release|Any CPU
		{B13C70B3-F548-42E8-93BB-7BBCA0A50553}.Release|iPhone.ActiveCfg = Release|Any CPU
		{B13C70B3-F548-42E8-93BB-7BBCA0A50553}.Release|iPhone.Build.0 = Release|Any CPU
		{B13C70B3-F548-42E8-93BB-7BBCA0A50553}.Release|iPhone.Deploy.0 = Release|Any CPU
		{B13C70B3-F548-42E8-93BB-7BBCA0A50553}.Release|iPhoneSimulator.ActiveCfg = Release|Any CPU
		{B13C70B3-F548-42E8-93BB-7BBCA0A50553}.Release|iPhoneSimulator.Build.0 = Release|Any CPU
		{B13C70B3-F548-42E8-93BB-7BBCA0A50553}.Release|iPhoneSimulator.Deploy.0 = Release|Any CPU
		{B13C70B3-F548-42E8-93BB-7BBCA0A50553}.Release|x64.ActiveCfg = Release|Any CPU
		{B13C70B3-F548-42E8-93BB-7BBCA0A50553}.Release|x64.Build.0 = Release|Any CPU
		{B13C70B3-F548-42E8-93BB-7BBCA0A50553}.Release|x64.Deploy.0 = Release|Any CPU
		{B13C70B3-F548-42E8-93BB-7BBCA0A50553}.Release|x86.ActiveCfg = Release|Any CPU
		{B13C70B3-F548-42E8-93BB-7BBCA0A50553}.Release|x86.Build.0 = Release|Any CPU
		{B13C70B3-F548-42E8-93BB-7BBCA0A50553}.Release|x86.Deploy.0 = Release|Any CPU
		{B8D957A7-1D0E-4073-A950-2B7ACCD4DB4A}.Ad-Hoc|Any CPU.ActiveCfg = Ad-Hoc|iPhone
		{B8D957A7-1D0E-4073-A950-2B7ACCD4DB4A}.Ad-Hoc|ARM.ActiveCfg = Ad-Hoc|iPhone
		{B8D957A7-1D0E-4073-A950-2B7ACCD4DB4A}.Ad-Hoc|iPhone.ActiveCfg = Ad-Hoc|iPhone
		{B8D957A7-1D0E-4073-A950-2B7ACCD4DB4A}.Ad-Hoc|iPhone.Build.0 = Ad-Hoc|iPhone
		{B8D957A7-1D0E-4073-A950-2B7ACCD4DB4A}.Ad-Hoc|iPhoneSimulator.ActiveCfg = Ad-Hoc|iPhoneSimulator
		{B8D957A7-1D0E-4073-A950-2B7ACCD4DB4A}.Ad-Hoc|iPhoneSimulator.Build.0 = Ad-Hoc|iPhoneSimulator
		{B8D957A7-1D0E-4073-A950-2B7ACCD4DB4A}.Ad-Hoc|x64.ActiveCfg = Ad-Hoc|iPhone
		{B8D957A7-1D0E-4073-A950-2B7ACCD4DB4A}.Ad-Hoc|x86.ActiveCfg = Ad-Hoc|iPhone
		{B8D957A7-1D0E-4073-A950-2B7ACCD4DB4A}.AppStore|Any CPU.ActiveCfg = AppStore|iPhone
		{B8D957A7-1D0E-4073-A950-2B7ACCD4DB4A}.AppStore|ARM.ActiveCfg = AppStore|iPhone
		{B8D957A7-1D0E-4073-A950-2B7ACCD4DB4A}.AppStore|iPhone.ActiveCfg = AppStore|iPhone
		{B8D957A7-1D0E-4073-A950-2B7ACCD4DB4A}.AppStore|iPhone.Build.0 = AppStore|iPhone
		{B8D957A7-1D0E-4073-A950-2B7ACCD4DB4A}.AppStore|iPhoneSimulator.ActiveCfg = AppStore|iPhoneSimulator
		{B8D957A7-1D0E-4073-A950-2B7ACCD4DB4A}.AppStore|iPhoneSimulator.Build.0 = AppStore|iPhoneSimulator
		{B8D957A7-1D0E-4073-A950-2B7ACCD4DB4A}.AppStore|x64.ActiveCfg = AppStore|iPhone
		{B8D957A7-1D0E-4073-A950-2B7ACCD4DB4A}.AppStore|x86.ActiveCfg = AppStore|iPhone
		{B8D957A7-1D0E-4073-A950-2B7ACCD4DB4A}.Debug|Any CPU.ActiveCfg = Debug|iPhone
		{B8D957A7-1D0E-4073-A950-2B7ACCD4DB4A}.Debug|ARM.ActiveCfg = Debug|iPhone
		{B8D957A7-1D0E-4073-A950-2B7ACCD4DB4A}.Debug|iPhone.ActiveCfg = Debug|iPhone
		{B8D957A7-1D0E-4073-A950-2B7ACCD4DB4A}.Debug|iPhone.Build.0 = Debug|iPhone
		{B8D957A7-1D0E-4073-A950-2B7ACCD4DB4A}.Debug|iPhoneSimulator.ActiveCfg = Debug|iPhoneSimulator
		{B8D957A7-1D0E-4073-A950-2B7ACCD4DB4A}.Debug|iPhoneSimulator.Build.0 = Debug|iPhoneSimulator
		{B8D957A7-1D0E-4073-A950-2B7ACCD4DB4A}.Debug|x64.ActiveCfg = Debug|iPhone
		{B8D957A7-1D0E-4073-A950-2B7ACCD4DB4A}.Debug|x86.ActiveCfg = Debug|iPhone
		{B8D957A7-1D0E-4073-A950-2B7ACCD4DB4A}.Release|Any CPU.ActiveCfg = Release|iPhone
		{B8D957A7-1D0E-4073-A950-2B7ACCD4DB4A}.Release|ARM.ActiveCfg = Release|iPhone
		{B8D957A7-1D0E-4073-A950-2B7ACCD4DB4A}.Release|iPhone.ActiveCfg = Release|iPhone
		{B8D957A7-1D0E-4073-A950-2B7ACCD4DB4A}.Release|iPhone.Build.0 = Release|iPhone
		{B8D957A7-1D0E-4073-A950-2B7ACCD4DB4A}.Release|iPhoneSimulator.ActiveCfg = Release|iPhoneSimulator
		{B8D957A7-1D0E-4073-A950-2B7ACCD4DB4A}.Release|iPhoneSimulator.Build.0 = Release|iPhoneSimulator
		{B8D957A7-1D0E-4073-A950-2B7ACCD4DB4A}.Release|x64.ActiveCfg = Release|iPhone
		{B8D957A7-1D0E-4073-A950-2B7ACCD4DB4A}.Release|x86.ActiveCfg = Release|iPhone
		{549C3898-76C1-422B-AE21-DA79CC3F2671}.Ad-Hoc|Any CPU.ActiveCfg = Release|x86
		{549C3898-76C1-422B-AE21-DA79CC3F2671}.Ad-Hoc|Any CPU.Build.0 = Release|x86
		{549C3898-76C1-422B-AE21-DA79CC3F2671}.Ad-Hoc|Any CPU.Deploy.0 = Release|x86
		{549C3898-76C1-422B-AE21-DA79CC3F2671}.Ad-Hoc|ARM.ActiveCfg = Release|ARM
		{549C3898-76C1-422B-AE21-DA79CC3F2671}.Ad-Hoc|ARM.Build.0 = Release|ARM
		{549C3898-76C1-422B-AE21-DA79CC3F2671}.Ad-Hoc|ARM.Deploy.0 = Release|ARM
		{549C3898-76C1-422B-AE21-DA79CC3F2671}.Ad-Hoc|iPhone.ActiveCfg = Release|x86
		{549C3898-76C1-422B-AE21-DA79CC3F2671}.Ad-Hoc|iPhone.Build.0 = Release|x86
		{549C3898-76C1-422B-AE21-DA79CC3F2671}.Ad-Hoc|iPhone.Deploy.0 = Release|x86
		{549C3898-76C1-422B-AE21-DA79CC3F2671}.Ad-Hoc|iPhoneSimulator.ActiveCfg = Release|x86
		{549C3898-76C1-422B-AE21-DA79CC3F2671}.Ad-Hoc|iPhoneSimulator.Build.0 = Release|x86
		{549C3898-76C1-422B-AE21-DA79CC3F2671}.Ad-Hoc|iPhoneSimulator.Deploy.0 = Release|x86
		{549C3898-76C1-422B-AE21-DA79CC3F2671}.Ad-Hoc|x64.ActiveCfg = Release|x64
		{549C3898-76C1-422B-AE21-DA79CC3F2671}.Ad-Hoc|x64.Build.0 = Release|x64
		{549C3898-76C1-422B-AE21-DA79CC3F2671}.Ad-Hoc|x64.Deploy.0 = Release|x64
		{549C3898-76C1-422B-AE21-DA79CC3F2671}.Ad-Hoc|x86.ActiveCfg = Release|x86
		{549C3898-76C1-422B-AE21-DA79CC3F2671}.Ad-Hoc|x86.Build.0 = Release|x86
		{549C3898-76C1-422B-AE21-DA79CC3F2671}.Ad-Hoc|x86.Deploy.0 = Release|x86
		{549C3898-76C1-422B-AE21-DA79CC3F2671}.AppStore|Any CPU.ActiveCfg = Release|x86
		{549C3898-76C1-422B-AE21-DA79CC3F2671}.AppStore|Any CPU.Build.0 = Release|x86
		{549C3898-76C1-422B-AE21-DA79CC3F2671}.AppStore|Any CPU.Deploy.0 = Release|x86
		{549C3898-76C1-422B-AE21-DA79CC3F2671}.AppStore|ARM.ActiveCfg = Release|ARM
		{549C3898-76C1-422B-AE21-DA79CC3F2671}.AppStore|ARM.Build.0 = Release|ARM
		{549C3898-76C1-422B-AE21-DA79CC3F2671}.AppStore|ARM.Deploy.0 = Release|ARM
		{549C3898-76C1-422B-AE21-DA79CC3F2671}.AppStore|iPhone.ActiveCfg = Release|x86
		{549C3898-76C1-422B-AE21-DA79CC3F2671}.AppStore|iPhone.Build.0 = Release|x86
		{549C3898-76C1-422B-AE21-DA79CC3F2671}.AppStore|iPhone.Deploy.0 = Release|x86
		{549C3898-76C1-422B-AE21-DA79CC3F2671}.AppStore|iPhoneSimulator.ActiveCfg = Release|x86
		{549C3898-76C1-422B-AE21-DA79CC3F2671}.AppStore|iPhoneSimulator.Build.0 = Release|x86
		{549C3898-76C1-422B-AE21-DA79CC3F2671}.AppStore|iPhoneSimulator.Deploy.0 = Release|x86
		{549C3898-76C1-422B-AE21-DA79CC3F2671}.AppStore|x64.ActiveCfg = Release|x64
		{549C3898-76C1-422B-AE21-DA79CC3F2671}.AppStore|x64.Build.0 = Release|x64
		{549C3898-76C1-422B-AE21-DA79CC3F2671}.AppStore|x64.Deploy.0 = Release|x64
		{549C3898-76C1-422B-AE21-DA79CC3F2671}.AppStore|x86.ActiveCfg = Release|x86
		{549C3898-76C1-422B-AE21-DA79CC3F2671}.AppStore|x86.Build.0 = Release|x86
		{549C3898-76C1-422B-AE21-DA79CC3F2671}.AppStore|x86.Deploy.0 = Release|x86
		{549C3898-76C1-422B-AE21-DA79CC3F2671}.Debug|Any CPU.ActiveCfg = Debug|x86
		{549C3898-76C1-422B-AE21-DA79CC3F2671}.Debug|ARM.ActiveCfg = Debug|ARM
		{549C3898-76C1-422B-AE21-DA79CC3F2671}.Debug|ARM.Build.0 = Debug|ARM
		{549C3898-76C1-422B-AE21-DA79CC3F2671}.Debug|ARM.Deploy.0 = Debug|ARM
		{549C3898-76C1-422B-AE21-DA79CC3F2671}.Debug|iPhone.ActiveCfg = Debug|x86
		{549C3898-76C1-422B-AE21-DA79CC3F2671}.Debug|iPhoneSimulator.ActiveCfg = Debug|x86
		{549C3898-76C1-422B-AE21-DA79CC3F2671}.Debug|x64.ActiveCfg = Debug|x64
		{549C3898-76C1-422B-AE21-DA79CC3F2671}.Debug|x64.Build.0 = Debug|x64
		{549C3898-76C1-422B-AE21-DA79CC3F2671}.Debug|x64.Deploy.0 = Debug|x64
		{549C3898-76C1-422B-AE21-DA79CC3F2671}.Debug|x86.ActiveCfg = Debug|x86
		{549C3898-76C1-422B-AE21-DA79CC3F2671}.Debug|x86.Build.0 = Debug|x86
		{549C3898-76C1-422B-AE21-DA79CC3F2671}.Debug|x86.Deploy.0 = Debug|x86
		{549C3898-76C1-422B-AE21-DA79CC3F2671}.Release|Any CPU.ActiveCfg = Release|x86
		{549C3898-76C1-422B-AE21-DA79CC3F2671}.Release|ARM.ActiveCfg = Release|ARM
		{549C3898-76C1-422B-AE21-DA79CC3F2671}.Release|ARM.Build.0 = Release|ARM
		{549C3898-76C1-422B-AE21-DA79CC3F2671}.Release|ARM.Deploy.0 = Release|ARM
		{549C3898-76C1-422B-AE21-DA79CC3F2671}.Release|iPhone.ActiveCfg = Release|x86
		{549C3898-76C1-422B-AE21-DA79CC3F2671}.Release|iPhoneSimulator.ActiveCfg = Release|x86
		{549C3898-76C1-422B-AE21-DA79CC3F2671}.Release|x64.ActiveCfg = Release|x64
		{549C3898-76C1-422B-AE21-DA79CC3F2671}.Release|x64.Build.0 = Release|x64
		{549C3898-76C1-422B-AE21-DA79CC3F2671}.Release|x64.Deploy.0 = Release|x64
		{549C3898-76C1-422B-AE21-DA79CC3F2671}.Release|x86.ActiveCfg = Release|x86
		{549C3898-76C1-422B-AE21-DA79CC3F2671}.Release|x86.Build.0 = Release|x86
		{549C3898-76C1-422B-AE21-DA79CC3F2671}.Release|x86.Deploy.0 = Release|x86
		{2D6F3F25-CAEB-4041-A816-A34D13444E0B}.Ad-Hoc|Any CPU.ActiveCfg = Debug|Any CPU
		{2D6F3F25-CAEB-4041-A816-A34D13444E0B}.Ad-Hoc|Any CPU.Build.0 = Debug|Any CPU
		{2D6F3F25-CAEB-4041-A816-A34D13444E0B}.Ad-Hoc|ARM.ActiveCfg = Debug|Any CPU
		{2D6F3F25-CAEB-4041-A816-A34D13444E0B}.Ad-Hoc|ARM.Build.0 = Debug|Any CPU
		{2D6F3F25-CAEB-4041-A816-A34D13444E0B}.Ad-Hoc|iPhone.ActiveCfg = Debug|Any CPU
		{2D6F3F25-CAEB-4041-A816-A34D13444E0B}.Ad-Hoc|iPhone.Build.0 = Debug|Any CPU
		{2D6F3F25-CAEB-4041-A816-A34D13444E0B}.Ad-Hoc|iPhoneSimulator.ActiveCfg = Debug|Any CPU
		{2D6F3F25-CAEB-4041-A816-A34D13444E0B}.Ad-Hoc|iPhoneSimulator.Build.0 = Debug|Any CPU
		{2D6F3F25-CAEB-4041-A816-A34D13444E0B}.Ad-Hoc|x64.ActiveCfg = Debug|Any CPU
		{2D6F3F25-CAEB-4041-A816-A34D13444E0B}.Ad-Hoc|x64.Build.0 = Debug|Any CPU
		{2D6F3F25-CAEB-4041-A816-A34D13444E0B}.Ad-Hoc|x86.ActiveCfg = Debug|Any CPU
		{2D6F3F25-CAEB-4041-A816-A34D13444E0B}.Ad-Hoc|x86.Build.0 = Debug|Any CPU
		{2D6F3F25-CAEB-4041-A816-A34D13444E0B}.AppStore|Any CPU.ActiveCfg = Debug|Any CPU
		{2D6F3F25-CAEB-4041-A816-A34D13444E0B}.AppStore|Any CPU.Build.0 = Debug|Any CPU
		{2D6F3F25-CAEB-4041-A816-A34D13444E0B}.AppStore|ARM.ActiveCfg = Debug|Any CPU
		{2D6F3F25-CAEB-4041-A816-A34D13444E0B}.AppStore|ARM.Build.0 = Debug|Any CPU
		{2D6F3F25-CAEB-4041-A816-A34D13444E0B}.AppStore|iPhone.ActiveCfg = Debug|Any CPU
		{2D6F3F25-CAEB-4041-A816-A34D13444E0B}.AppStore|iPhone.Build.0 = Debug|Any CPU
		{2D6F3F25-CAEB-4041-A816-A34D13444E0B}.AppStore|iPhoneSimulator.ActiveCfg = Debug|Any CPU
		{2D6F3F25-CAEB-4041-A816-A34D13444E0B}.AppStore|iPhoneSimulator.Build.0 = Debug|Any CPU
		{2D6F3F25-CAEB-4041-A816-A34D13444E0B}.AppStore|x64.ActiveCfg = Debug|Any CPU
		{2D6F3F25-CAEB-4041-A816-A34D13444E0B}.AppStore|x64.Build.0 = Debug|Any CPU
		{2D6F3F25-CAEB-4041-A816-A34D13444E0B}.AppStore|x86.ActiveCfg = Debug|Any CPU
		{2D6F3F25-CAEB-4041-A816-A34D13444E0B}.AppStore|x86.Build.0 = Debug|Any CPU
		{2D6F3F25-CAEB-4041-A816-A34D13444E0B}.Debug|Any CPU.ActiveCfg = Debug|Any CPU
		{2D6F3F25-CAEB-4041-A816-A34D13444E0B}.Debug|Any CPU.Build.0 = Debug|Any CPU
		{2D6F3F25-CAEB-4041-A816-A34D13444E0B}.Debug|ARM.ActiveCfg = Debug|Any CPU
		{2D6F3F25-CAEB-4041-A816-A34D13444E0B}.Debug|ARM.Build.0 = Debug|Any CPU
		{2D6F3F25-CAEB-4041-A816-A34D13444E0B}.Debug|iPhone.ActiveCfg = Debug|Any CPU
		{2D6F3F25-CAEB-4041-A816-A34D13444E0B}.Debug|iPhone.Build.0 = Debug|Any CPU
		{2D6F3F25-CAEB-4041-A816-A34D13444E0B}.Debug|iPhoneSimulator.ActiveCfg = Debug|Any CPU
		{2D6F3F25-CAEB-4041-A816-A34D13444E0B}.Debug|iPhoneSimulator.Build.0 = Debug|Any CPU
		{2D6F3F25-CAEB-4041-A816-A34D13444E0B}.Debug|x64.ActiveCfg = Debug|Any CPU
		{2D6F3F25-CAEB-4041-A816-A34D13444E0B}.Debug|x64.Build.0 = Debug|Any CPU
		{2D6F3F25-CAEB-4041-A816-A34D13444E0B}.Debug|x86.ActiveCfg = Debug|Any CPU
		{2D6F3F25-CAEB-4041-A816-A34D13444E0B}.Debug|x86.Build.0 = Debug|Any CPU
		{2D6F3F25-CAEB-4041-A816-A34D13444E0B}.Release|Any CPU.ActiveCfg = Release|Any CPU
		{2D6F3F25-CAEB-4041-A816-A34D13444E0B}.Release|Any CPU.Build.0 = Release|Any CPU
		{2D6F3F25-CAEB-4041-A816-A34D13444E0B}.Release|ARM.ActiveCfg = Release|Any CPU
		{2D6F3F25-CAEB-4041-A816-A34D13444E0B}.Release|ARM.Build.0 = Release|Any CPU
		{2D6F3F25-CAEB-4041-A816-A34D13444E0B}.Release|iPhone.ActiveCfg = Release|Any CPU
		{2D6F3F25-CAEB-4041-A816-A34D13444E0B}.Release|iPhone.Build.0 = Release|Any CPU
		{2D6F3F25-CAEB-4041-A816-A34D13444E0B}.Release|iPhoneSimulator.ActiveCfg = Release|Any CPU
		{2D6F3F25-CAEB-4041-A816-A34D13444E0B}.Release|iPhoneSimulator.Build.0 = Release|Any CPU
		{2D6F3F25-CAEB-4041-A816-A34D13444E0B}.Release|x64.ActiveCfg = Release|Any CPU
		{2D6F3F25-CAEB-4041-A816-A34D13444E0B}.Release|x64.Build.0 = Release|Any CPU
		{2D6F3F25-CAEB-4041-A816-A34D13444E0B}.Release|x86.ActiveCfg = Release|Any CPU
		{2D6F3F25-CAEB-4041-A816-A34D13444E0B}.Release|x86.Build.0 = Release|Any CPU
	EndGlobalSection
	GlobalSection(SolutionProperties) = preSolution
		HideSolutionNode = FALSE
	EndGlobalSection
	GlobalSection(ExtensibilityGlobals) = postSolution
		SolutionGuid = {DB48D130-F301-4A21-8E6A-170AB40BF665}
	EndGlobalSection
EndGlobal
